// !$*UTF8*$!
{
	archiveVersion = 1;
	classes = {
	};
	objectVersion = 50;
	objects = {

/* Begin PBXBuildFile section */
		8E4CE1DD2862D2960033294C /* DetailViewController.swift in Sources */ = {isa = PBXBuildFile; fileRef = 8E4CE1DC2862D2960033294C /* DetailViewController.swift */; };
		8E4CE1DF2862D6AB0033294C /* Creature.swift in Sources */ = {isa = PBXBuildFile; fileRef = 8E4CE1DE2862D6AB0033294C /* Creature.swift */; };
		8E4CE1E12862D83C0033294C /* CreatureDetail.swift in Sources */ = {isa = PBXBuildFile; fileRef = 8E4CE1E02862D83C0033294C /* CreatureDetail.swift */; };
		8EEB86002862AE640099E8BC /* AppDelegate.swift in Sources */ = {isa = PBXBuildFile; fileRef = 8EEB85FF2862AE640099E8BC /* AppDelegate.swift */; };
		8EEB86022862AE640099E8BC /* SceneDelegate.swift in Sources */ = {isa = PBXBuildFile; fileRef = 8EEB86012862AE640099E8BC /* SceneDelegate.swift */; };
		8EEB86042862AE640099E8BC /* ListViewController.swift in Sources */ = {isa = PBXBuildFile; fileRef = 8EEB86032862AE640099E8BC /* ListViewController.swift */; };
		8EEB86072862AE640099E8BC /* Main.storyboard in Resources */ = {isa = PBXBuildFile; fileRef = 8EEB86052862AE640099E8BC /* Main.storyboard */; };
		8EEB86092862AE650099E8BC /* Assets.xcassets in Resources */ = {isa = PBXBuildFile; fileRef = 8EEB86082862AE650099E8BC /* Assets.xcassets */; };
		8EEB860C2862AE650099E8BC /* LaunchScreen.storyboard in Resources */ = {isa = PBXBuildFile; fileRef = 8EEB860A2862AE650099E8BC /* LaunchScreen.storyboard */; };
		8EEB86142862B4890099E8BC /* Creatures.swift in Sources */ = {isa = PBXBuildFile; fileRef = 8EEB86132862B4890099E8BC /* Creatures.swift */; };
/* End PBXBuildFile section */

/* Begin PBXFileReference section */
		8E4CE1DC2862D2960033294C /* DetailViewController.swift */ = {isa = PBXFileReference; lastKnownFileType = sourcecode.swift; path = DetailViewController.swift; sourceTree = "<group>"; };
		8E4CE1DE2862D6AB0033294C /* Creature.swift */ = {isa = PBXFileReference; lastKnownFileType = sourcecode.swift; path = Creature.swift; sourceTree = "<group>"; };
		8E4CE1E02862D83C0033294C /* CreatureDetail.swift */ = {isa = PBXFileReference; lastKnownFileType = sourcecode.swift; path = CreatureDetail.swift; sourceTree = "<group>"; };
		8EEB85FC2862AE640099E8BC /* Catch 'em all.app */ = {isa = PBXFileReference; explicitFileType = wrapper.application; includeInIndex = 0; path = "Catch 'em all.app"; sourceTree = BUILT_PRODUCTS_DIR; };
		8EEB85FF2862AE640099E8BC /* AppDelegate.swift */ = {isa = PBXFileReference; lastKnownFileType = sourcecode.swift; path = AppDelegate.swift; sourceTree = "<group>"; };
		8EEB86012862AE640099E8BC /* SceneDelegate.swift */ = {isa = PBXFileReference; lastKnownFileType = sourcecode.swift; path = SceneDelegate.swift; sourceTree = "<group>"; };
		8EEB86032862AE640099E8BC /* ListViewController.swift */ = {isa = PBXFileReference; lastKnownFileType = sourcecode.swift; path = ListViewController.swift; sourceTree = "<group>"; };
		8EEB86062862AE640099E8BC /* Base */ = {isa = PBXFileReference; lastKnownFileType = file.storyboard; name = Base; path = Base.lproj/Main.storyboard; sourceTree = "<group>"; };
		8EEB86082862AE650099E8BC /* Assets.xcassets */ = {isa = PBXFileReference; lastKnownFileType = folder.assetcatalog; path = Assets.xcassets; sourceTree = "<group>"; };
		8EEB860B2862AE650099E8BC /* Base */ = {isa = PBXFileReference; lastKnownFileType = file.storyboard; name = Base; path = Base.lproj/LaunchScreen.storyboard; sourceTree = "<group>"; };
		8EEB860D2862AE650099E8BC /* Info.plist */ = {isa = PBXFileReference; lastKnownFileType = text.plist.xml; path = Info.plist; sourceTree = "<group>"; };
		8EEB86132862B4890099E8BC /* Creatures.swift */ = {isa = PBXFileReference; lastKnownFileType = sourcecode.swift; path = Creatures.swift; sourceTree = "<group>"; };
/* End PBXFileReference section */

/* Begin PBXFrameworksBuildPhase section */
		8EEB85F92862AE640099E8BC /* Frameworks */ = {
			isa = PBXFrameworksBuildPhase;
			buildActionMask = 2147483647;
			files = (
			);
			runOnlyForDeploymentPostprocessing = 0;
		};
/* End PBXFrameworksBuildPhase section */

/* Begin PBXGroup section */
		8EEB85F32862AE640099E8BC = {
			isa = PBXGroup;
			children = (
				8EEB85FE2862AE640099E8BC /* Catch 'em all */,
				8EEB85FD2862AE640099E8BC /* Products */,
			);
			sourceTree = "<group>";
		};
		8EEB85FD2862AE640099E8BC /* Products */ = {
			isa = PBXGroup;
			children = (
				8EEB85FC2862AE640099E8BC /* Catch 'em all.app */,
			);
			name = Products;
			sourceTree = "<group>";
		};
		8EEB85FE2862AE640099E8BC /* Catch 'em all */ = {
			isa = PBXGroup;
			children = (
				8EEB85FF2862AE640099E8BC /* AppDelegate.swift */,
				8EEB86012862AE640099E8BC /* SceneDelegate.swift */,
				8E4CE1DE2862D6AB0033294C /* Creature.swift */,
				8EEB86132862B4890099E8BC /* Creatures.swift */,
				8E4CE1E02862D83C0033294C /* CreatureDetail.swift */,
				8EEB86032862AE640099E8BC /* ListViewController.swift */,
				8E4CE1DC2862D2960033294C /* DetailViewController.swift */,
				8EEB86052862AE640099E8BC /* Main.storyboard */,
				8EEB86082862AE650099E8BC /* Assets.xcassets */,
				8EEB860A2862AE650099E8BC /* LaunchScreen.storyboard */,
				8EEB860D2862AE650099E8BC /* Info.plist */,
			);
			path = "Catch 'em all";
			sourceTree = "<group>";
		};
/* End PBXGroup section */

/* Begin PBXNativeTarget section */
		8EEB85FB2862AE640099E8BC /* Catch 'em all */ = {
			isa = PBXNativeTarget;
			buildConfigurationList = 8EEB86102862AE650099E8BC /* Build configuration list for PBXNativeTarget "Catch 'em all" */;
			buildPhases = (
				8EEB85F82862AE640099E8BC /* Sources */,
				8EEB85F92862AE640099E8BC /* Frameworks */,
				8EEB85FA2862AE640099E8BC /* Resources */,
			);
			buildRules = (
			);
			dependencies = (
			);
			name = "Catch 'em all";
			productName = "Catch 'em all";
			productReference = 8EEB85FC2862AE640099E8BC /* Catch 'em all.app */;
			productType = "com.apple.product-type.application";
		};
/* End PBXNativeTarget section */

/* Begin PBXProject section */
		8EEB85F42862AE640099E8BC /* Project object */ = {
			isa = PBXProject;
			attributes = {
				LastSwiftUpdateCheck = 1130;
				LastUpgradeCheck = 1130;
				ORGANIZATIONNAME = "Samuel Pena";
				TargetAttributes = {
					8EEB85FB2862AE640099E8BC = {
						CreatedOnToolsVersion = 11.3;
					};
				};
			};
			buildConfigurationList = 8EEB85F72862AE640099E8BC /* Build configuration list for PBXProject "Catch 'em all" */;
			compatibilityVersion = "Xcode 9.3";
			developmentRegion = en;
			hasScannedForEncodings = 0;
			knownRegions = (
				en,
				Base,
			);
			mainGroup = 8EEB85F32862AE640099E8BC;
			productRefGroup = 8EEB85FD2862AE640099E8BC /* Products */;
			projectDirPath = "";
			projectRoot = "";
			targets = (
				8EEB85FB2862AE640099E8BC /* Catch 'em all */,
			);
		};
/* End PBXProject section */

/* Begin PBXResourcesBuildPhase section */
		8EEB85FA2862AE640099E8BC /* Resources */ = {
			isa = PBXResourcesBuildPhase;
			buildActionMask = 2147483647;
			files = (
				8EEB860C2862AE650099E8BC /* LaunchScreen.storyboard in Resources */,
				8EEB86092862AE650099E8BC /* Assets.xcassets in Resources */,
				8EEB86072862AE640099E8BC /* Main.storyboard in Resources */,
			);
			runOnlyForDeploymentPostprocessing = 0;
		};
/* End PBXResourcesBuildPhase section */

/* Begin PBXSourcesBuildPhase section */
		8EEB85F82862AE640099E8BC /* Sources */ = {
			isa = PBXSourcesBuildPhase;
			buildActionMask = 2147483647;
			files = (
				8EEB86142862B4890099E8BC /* Creatures.swift in Sources */,
				8EEB86042862AE640099E8BC /* ListViewController.swift in Sources */,
				8E4CE1DF2862D6AB0033294C /* Creature.swift in Sources */,
				8E4CE1DD2862D2960033294C /* DetailViewController.swift in Sources */,
				8E4CE1E12862D83C0033294C /* CreatureDetail.swift in Sources */,
				8EEB86002862AE640099E8BC /* AppDelegate.swift in Sources */,
				8EEB86022862AE640099E8BC /* SceneDelegate.swift in Sources */,
			);
			runOnlyForDeploymentPostprocessing = 0;
		};
/* End PBXSourcesBuildPhase section */

/* Begin PBXVariantGroup section */
		8EEB86052862AE640099E8BC /* Main.storyboard */ = {
			isa = PBXVariantGroup;
			children = (
				8EEB86062862AE640099E8BC /* Base */,
			);
			name = Main.storyboard;
			sourceTree = "<group>";
		};
		8EEB860A2862AE650099E8BC /* LaunchScreen.storyboard */ = {
			isa = PBXVariantGroup;
			children = (
				8EEB860B2862AE650099E8BC /* Base */,
			);
			name = LaunchScreen.storyboard;
			sourceTree = "<group>";
		};
/* End PBXVariantGroup section */

/* Begin XCBuildConfiguration section */
		8EEB860E2862AE650099E8BC /* Debug */ = {
			isa = XCBuildConfiguration;
			buildSettings = {
				ALWAYS_SEARCH_USER_PATHS = NO;
				CLANG_ANALYZER_NONNULL = YES;
				CLANG_ANALYZER_NUMBER_OBJECT_CONVERSION = YES_AGGRESSIVE;
				CLANG_CXX_LANGUAGE_STANDARD = "gnu++14";
				CLANG_CXX_LIBRARY = "libc++";
				CLANG_ENABLE_MODULES = YES;
				CLANG_ENABLE_OBJC_ARC = YES;
				CLANG_ENABLE_OBJC_WEAK = YES;
				CLANG_WARN_BLOCK_CAPTURE_AUTORELEASING = YES;
				CLANG_WARN_BOOL_CONVERSION = YES;
				CLANG_WARN_COMMA = YES;
				CLANG_WARN_CONSTANT_CONVERSION = YES;
				CLANG_WARN_DEPRECATED_OBJC_IMPLEMENTATIONS = YES;
				CLANG_WARN_DIRECT_OBJC_ISA_USAGE = YES_ERROR;
				CLANG_WARN_DOCUMENTATION_COMMENTS = YES;
				CLANG_WARN_EMPTY_BODY = YES;
				CLANG_WARN_ENUM_CONVERSION = YES;
				CLANG_WARN_INFINITE_RECURSION = YES;
				CLANG_WARN_INT_CONVERSION = YES;
				CLANG_WARN_NON_LITERAL_NULL_CONVERSION = YES;
				CLANG_WARN_OBJC_IMPLICIT_RETAIN_SELF = YES;
				CLANG_WARN_OBJC_LITERAL_CONVERSION = YES;
				CLANG_WARN_OBJC_ROOT_CLASS = YES_ERROR;
				CLANG_WARN_RANGE_LOOP_ANALYSIS = YES;
				CLANG_WARN_STRICT_PROTOTYPES = YES;
				CLANG_WARN_SUSPICIOUS_MOVE = YES;
				CLANG_WARN_UNGUARDED_AVAILABILITY = YES_AGGRESSIVE;
				CLANG_WARN_UNREACHABLE_CODE = YES;
				CLANG_WARN__DUPLICATE_METHOD_MATCH = YES;
				COPY_PHASE_STRIP = NO;
				DEBUG_INFORMATION_FORMAT = dwarf;
				ENABLE_STRICT_OBJC_MSGSEND = YES;
				ENABLE_TESTABILITY = YES;
				GCC_C_LANGUAGE_STANDARD = gnu11;
				GCC_DYNAMIC_NO_PIC = NO;
				GCC_NO_COMMON_BLOCKS = YES;
				GCC_OPTIMIZATION_LEVEL = 0;
				GCC_PREPROCESSOR_DEFINITIONS = (
					"DEBUG=1",
					"$(inherited)",
				);
				GCC_WARN_64_TO_32_BIT_CONVERSION = YES;
				GCC_WARN_ABOUT_RETURN_TYPE = YES_ERROR;
				GCC_WARN_UNDECLARED_SELECTOR = YES;
				GCC_WARN_UNINITIALIZED_AUTOS = YES_AGGRESSIVE;
				GCC_WARN_UNUSED_FUNCTION = YES;
				GCC_WARN_UNUSED_VARIABLE = YES;
				IPHONEOS_DEPLOYMENT_TARGET = 13.2;
				MTL_ENABLE_DEBUG_INFO = INCLUDE_SOURCE;
				MTL_FAST_MATH = YES;
				ONLY_ACTIVE_ARCH = YES;
				SDKROOT = iphoneos;
				SWIFT_ACTIVE_COMPILATION_CONDITIONS = DEBUG;
				SWIFT_OPTIMIZATION_LEVEL = "-Onone";
			};
			name = Debug;
		};
		8EEB860F2862AE650099E8BC /* Release */ = {
			isa = XCBuildConfiguration;
			buildSettings = {
				ALWAYS_SEARCH_USER_PATHS = NO;
				CLANG_ANALYZER_NONNULL = YES;
				CLANG_ANALYZER_NUMBER_OBJECT_CONVERSION = YES_AGGRESSIVE;
				CLANG_CXX_LANGUAGE_STANDARD = "gnu++14";
				CLANG_CXX_LIBRARY = "libc++";
				CLANG_ENABLE_MODULES = YES;
				CLANG_ENABLE_OBJC_ARC = YES;
				CLANG_ENABLE_OBJC_WEAK = YES;
				CLANG_WARN_BLOCK_CAPTURE_AUTORELEASING = YES;
				CLANG_WARN_BOOL_CONVERSION = YES;
				CLANG_WARN_COMMA = YES;
				CLANG_WARN_CONSTANT_CONVERSION = YES;
				CLANG_WARN_DEPRECATED_OBJC_IMPLEMENTATIONS = YES;
				CLANG_WARN_DIRECT_OBJC_ISA_USAGE = YES_ERROR;
				CLANG_WARN_DOCUMENTATION_COMMENTS = YES;
				CLANG_WARN_EMPTY_BODY = YES;
				CLANG_WARN_ENUM_CONVERSION = YES;
				CLANG_WARN_INFINITE_RECURSION = YES;
				CLANG_WARN_INT_CONVERSION = YES;
				CLANG_WARN_NON_LITERAL_NULL_CONVERSION = YES;
				CLANG_WARN_OBJC_IMPLICIT_RETAIN_SELF = YES;
				CLANG_WARN_OBJC_LITERAL_CONVERSION = YES;
				CLANG_WARN_OBJC_ROOT_CLASS = YES_ERROR;
				CLANG_WARN_RANGE_LOOP_ANALYSIS = YES;
				CLANG_WARN_STRICT_PROTOTYPES = YES;
				CLANG_WARN_SUSPICIOUS_MOVE = YES;
				CLANG_WARN_UNGUARDED_AVAILABILITY = YES_AGGRESSIVE;
				CLANG_WARN_UNREACHABLE_CODE = YES;
				CLANG_WARN__DUPLICATE_METHOD_MATCH = YES;
				COPY_PHASE_STRIP = NO;
				DEBUG_INFORMATION_FORMAT = "dwarf-with-dsym";
				ENABLE_NS_ASSERTIONS = NO;
				ENABLE_STRICT_OBJC_MSGSEND = YES;
				GCC_C_LANGUAGE_STANDARD = gnu11;
				GCC_NO_COMMON_BLOCKS = YES;
				GCC_WARN_64_TO_32_BIT_CONVERSION = YES;
				GCC_WARN_ABOUT_RETURN_TYPE = YES_ERROR;
				GCC_WARN_UNDECLARED_SELECTOR = YES;
				GCC_WARN_UNINITIALIZED_AUTOS = YES_AGGRESSIVE;
				GCC_WARN_UNUSED_FUNCTION = YES;
				GCC_WARN_UNUSED_VARIABLE = YES;
				IPHONEOS_DEPLOYMENT_TARGET = 13.2;
				MTL_ENABLE_DEBUG_INFO = NO;
				MTL_FAST_MATH = YES;
				SDKROOT = iphoneos;
				SWIFT_COMPILATION_MODE = wholemodule;
				SWIFT_OPTIMIZATION_LEVEL = "-O";
				VALIDATE_PRODUCT = YES;
			};
			name = Release;
		};
		8EEB86112862AE650099E8BC /* Debug */ = {
			isa = XCBuildConfiguration;
			buildSettings = {
				ASSETCATALOG_COMPILER_APPICON_NAME = AppIcon;
				CODE_SIGN_STYLE = Automatic;
				DEVELOPMENT_TEAM = 7UTJKBHB3W;
				INFOPLIST_FILE = "Catch 'em all/Info.plist";
				LD_RUNPATH_SEARCH_PATHS = (
					"$(inherited)",
					"@executable_path/Frameworks",
				);
				PRODUCT_BUNDLE_IDENTIFIER = "com.sampena.Catch--em-all";
				PRODUCT_NAME = "$(TARGET_NAME)";
				SWIFT_VERSION = 5.0;
				TARGETED_DEVICE_FAMILY = "1,2";
			};
			name = Debug;
		};
		8EEB86122862AE650099E8BC /* Release */ = {
			isa = XCBuildConfiguration;
			buildSettings = {
				ASSETCATALOG_COMPILER_APPICON_NAME = AppIcon;
				CODE_SIGN_STYLE = Automatic;
				DEVELOPMENT_TEAM = 7UTJKBHB3W;
				INFOPLIST_FILE = "Catch 'em all/Info.plist";
				LD_RUNPATH_SEARCH_PATHS = (
					"$(inherited)",
					"@executable_path/Frameworks",
				);
				PRODUCT_BUNDLE_IDENTIFIER = "com.sampena.Catch--em-all";
				PRODUCT_NAME = "$(TARGET_NAME)";
				SWIFT_VERSION = 5.0;
				TARGETED_DEVICE_FAMILY = "1,2";
			};
			name = Release;
		};
/* End XCBuildConfiguration section */

/* Begin XCConfigurationList section */
		8EEB85F72862AE640099E8BC /* Build configuration list for PBXProject "Catch 'em all" */ = {
			isa = XCConfigurationList;
			buildConfigurations = (
				8EEB860E2862AE650099E8BC /* Debug */,
				8EEB860F2862AE650099E8BC /* Release */,
			);
			defaultConfigurationIsVisible = 0;
			defaultConfigurationName = Release;
		};
		8EEB86102862AE650099E8BC /* Build configuration list for PBXNativeTarget "Catch 'em all" */ = {
			isa = XCConfigurationList;
			buildConfigurations = (
				8EEB86112862AE650099E8BC /* Debug */,
				8EEB86122862AE650099E8BC /* Release */,
			);
			defaultConfigurationIsVisible = 0;
			defaultConfigurationName = Release;
		};
/* End XCConfigurationList section */
	};
	rootObject = 8EEB85F42862AE640099E8BC /* Project object */;
}
